
Microsoft Visual Studio Solution File, Format Version 12.00
# Visual Studio Version 17
VisualStudioVersion = 17.4.33205.214
MinimumVisualStudioVersion = 10.0.40219.1
Project("{2150E333-8FDC-42A3-9474-1A3956D46DE8}") = "Core", "Core", "{DC8DAE27-873A-4F09-943D-B3A05D5DCE4F}"
EndProject
Project("{2150E333-8FDC-42A3-9474-1A3956D46DE8}") = "Infrastraction", "Infrastraction", "{2D4CF40A-C73B-4595-B2C4-321D3216ED09}"
EndProject
Project("{2150E333-8FDC-42A3-9474-1A3956D46DE8}") = "Presentation", "Presentation", "{D1049A3E-C17F-464A-9A9F-3E043F19FA44}"
EndProject
Project("{9A19103F-16F7-4668-BE54-9A1E7A4F7556}") = "StudentProfile.Domain", "StudentProfile.Domain\StudentProfile.Domain.csproj", "{644AA221-1291-4CF5-B4A8-82356FC49A16}"
EndProject
Project("{9A19103F-16F7-4668-BE54-9A1E7A4F7556}") = "StudentProfile.Application", "StudentProfile.Application\StudentProfile.Application.csproj", "{1C39EA21-36A3-4B2F-ABDF-843D659D91D0}"
EndProject
Project("{9A19103F-16F7-4668-BE54-9A1E7A4F7556}") = "StudentProfile.Persistence", "StudentProfile.Persistence\StudentProfile.Persistence.csproj", "{17A1CF38-7AF5-4984-980E-C87C7178ADE9}"
EndProject
Project("{9A19103F-16F7-4668-BE54-9A1E7A4F7556}") = "StudentProfile.WebApi", "StudentProfile.WebApi\StudentProfile.WebApi.csproj", "{DA3B1E36-37DB-4722-95A4-8E7926DA005B}"
EndProject
Project("{2150E333-8FDC-42A3-9474-1A3956D46DE8}") = "Identity", "Identity", "{341C0C37-BCC0-4867-A047-622BE074D726}"
EndProject
Project("{9A19103F-16F7-4668-BE54-9A1E7A4F7556}") = "StudentProfile.Identity", "StudentProfile.Identity\StudentProfile.Identity.csproj", "{9EFB675F-A07B-4C84-93C2-A5EDE9E7C12B}"
EndProject
Global
	GlobalSection(SolutionConfigurationPlatforms) = preSolution
		Debug|Any CPU = Debug|Any CPU
		Release|Any CPU = Release|Any CPU
	EndGlobalSection
	GlobalSection(ProjectConfigurationPlatforms) = postSolution
		{644AA221-1291-4CF5-B4A8-82356FC49A16}.Debug|Any CPU.ActiveCfg = Debug|Any CPU
		{644AA221-1291-4CF5-B4A8-82356FC49A16}.Debug|Any CPU.Build.0 = Debug|Any CPU
		{644AA221-1291-4CF5-B4A8-82356FC49A16}.Release|Any CPU.ActiveCfg = Release|Any CPU
		{644AA221-1291-4CF5-B4A8-82356FC49A16}.Release|Any CPU.Build.0 = Release|Any CPU
		{1C39EA21-36A3-4B2F-ABDF-843D659D91D0}.Debug|Any CPU.ActiveCfg = Debug|Any CPU
		{1C39EA21-36A3-4B2F-ABDF-843D659D91D0}.Debug|Any CPU.Build.0 = Debug|Any CPU
		{1C39EA21-36A3-4B2F-ABDF-843D659D91D0}.Release|Any CPU.ActiveCfg = Release|Any CPU
		{1C39EA21-36A3-4B2F-ABDF-843D659D91D0}.Release|Any CPU.Build.0 = Release|Any CPU
		{17A1CF38-7AF5-4984-980E-C87C7178ADE9}.Debug|Any CPU.ActiveCfg = Debug|Any CPU
		{17A1CF38-7AF5-4984-980E-C87C7178ADE9}.Debug|Any CPU.Build.0 = Debug|Any CPU
		{17A1CF38-7AF5-4984-980E-C87C7178ADE9}.Release|Any CPU.ActiveCfg = Release|Any CPU
		{17A1CF38-7AF5-4984-980E-C87C7178ADE9}.Release|Any CPU.Build.0 = Release|Any CPU
		{DA3B1E36-37DB-4722-95A4-8E7926DA005B}.Debug|Any CPU.ActiveCfg = Debug|Any CPU
		{DA3B1E36-37DB-4722-95A4-8E7926DA005B}.Debug|Any CPU.Build.0 = Debug|Any CPU
		{DA3B1E36-37DB-4722-95A4-8E7926DA005B}.Release|Any CPU.ActiveCfg = Release|Any CPU
		{DA3B1E36-37DB-4722-95A4-8E7926DA005B}.Release|Any CPU.Build.0 = Release|Any CPU
		{9EFB675F-A07B-4C84-93C2-A5EDE9E7C12B}.Debug|Any CPU.ActiveCfg = Debug|Any CPU
		{9EFB675F-A07B-4C84-93C2-A5EDE9E7C12B}.Debug|Any CPU.Build.0 = Debug|Any CPU
		{9EFB675F-A07B-4C84-93C2-A5EDE9E7C12B}.Release|Any CPU.ActiveCfg = Release|Any CPU
		{9EFB675F-A07B-4C84-93C2-A5EDE9E7C12B}.Release|Any CPU.Build.0 = Release|Any CPU
	EndGlobalSection
	GlobalSection(SolutionProperties) = preSolution
		HideSolutionNode = FALSE
	EndGlobalSection
	GlobalSection(NestedProjects) = preSolution
		{644AA221-1291-4CF5-B4A8-82356FC49A16} = {DC8DAE27-873A-4F09-943D-B3A05D5DCE4F}
		{1C39EA21-36A3-4B2F-ABDF-843D659D91D0} = {DC8DAE27-873A-4F09-943D-B3A05D5DCE4F}
		{17A1CF38-7AF5-4984-980E-C87C7178ADE9} = {2D4CF40A-C73B-4595-B2C4-321D3216ED09}
		{DA3B1E36-37DB-4722-95A4-8E7926DA005B} = {D1049A3E-C17F-464A-9A9F-3E043F19FA44}
		{9EFB675F-A07B-4C84-93C2-A5EDE9E7C12B} = {341C0C37-BCC0-4867-A047-622BE074D726}
	EndGlobalSection
	GlobalSection(ExtensibilityGlobals) = postSolution
		SolutionGuid = {421DB802-1484-4743-A1CF-057657B57348}
	EndGlobalSection
EndGlobal
